// !$*UTF8*$!
{
	archiveVersion = 1;
	classes = {
	};
	objectVersion = 50;
	objects = {

/* Begin PBXBuildFile section */
		CD2CA05B228C026700C524FB /* DemoAppTests.swift in Sources */ = {isa = PBXBuildFile; fileRef = CD2CA05A228C026700C524FB /* DemoAppTests.swift */; };
		CD655767228B1C8600BAD637 /* AppDelegate.swift in Sources */ = {isa = PBXBuildFile; fileRef = CD655766228B1C8600BAD637 /* AppDelegate.swift */; };
		CD655769228B1C8600BAD637 /* ViewController.swift in Sources */ = {isa = PBXBuildFile; fileRef = CD655768228B1C8600BAD637 /* ViewController.swift */; };
		CD65576C228B1C8600BAD637 /* Main.storyboard in Resources */ = {isa = PBXBuildFile; fileRef = CD65576A228B1C8600BAD637 /* Main.storyboard */; };
		CD65576E228B1C8D00BAD637 /* Assets.xcassets in Resources */ = {isa = PBXBuildFile; fileRef = CD65576D228B1C8D00BAD637 /* Assets.xcassets */; };
		CD655771228B1C8D00BAD637 /* LaunchScreen.storyboard in Resources */ = {isa = PBXBuildFile; fileRef = CD65576F228B1C8D00BAD637 /* LaunchScreen.storyboard */; };
		CD655779228B1EDE00BAD637 /* cities.json in Resources */ = {isa = PBXBuildFile; fileRef = CD655778228B1EDE00BAD637 /* cities.json */; };
		CD65577B228B1F4600BAD637 /* DataFile.swift in Sources */ = {isa = PBXBuildFile; fileRef = CD65577A228B1F4600BAD637 /* DataFile.swift */; };
		CD655782228B67E900BAD637 /* CitiesTableViewCell.swift in Sources */ = {isa = PBXBuildFile; fileRef = CD655781228B67E900BAD637 /* CitiesTableViewCell.swift */; };
/* End PBXBuildFile section */

/* Begin PBXContainerItemProxy section */
		CD2CA05D228C026700C524FB /* PBXContainerItemProxy */ = {
			isa = PBXContainerItemProxy;
			containerPortal = CD65575B228B1C8600BAD637 /* Project object */;
			proxyType = 1;
			remoteGlobalIDString = CD655762228B1C8600BAD637;
			remoteInfo = DemoApp;
		};
/* End PBXContainerItemProxy section */

/* Begin PBXFileReference section */
		CD2CA058228C026700C524FB /* DemoAppTests.xctest */ = {isa = PBXFileReference; explicitFileType = wrapper.cfbundle; includeInIndex = 0; path = DemoAppTests.xctest; sourceTree = BUILT_PRODUCTS_DIR; };
		CD2CA05A228C026700C524FB /* DemoAppTests.swift */ = {isa = PBXFileReference; lastKnownFileType = sourcecode.swift; path = DemoAppTests.swift; sourceTree = "<group>"; };
		CD2CA05C228C026700C524FB /* Info.plist */ = {isa = PBXFileReference; lastKnownFileType = text.plist.xml; path = Info.plist; sourceTree = "<group>"; };
		CD655763228B1C8600BAD637 /* DemoApp.app */ = {isa = PBXFileReference; explicitFileType = wrapper.application; includeInIndex = 0; path = DemoApp.app; sourceTree = BUILT_PRODUCTS_DIR; };
		CD655766228B1C8600BAD637 /* AppDelegate.swift */ = {isa = PBXFileReference; lastKnownFileType = sourcecode.swift; path = AppDelegate.swift; sourceTree = "<group>"; };
		CD655768228B1C8600BAD637 /* ViewController.swift */ = {isa = PBXFileReference; lastKnownFileType = sourcecode.swift; path = ViewController.swift; sourceTree = "<group>"; };
		CD65576B228B1C8600BAD637 /* Base */ = {isa = PBXFileReference; lastKnownFileType = file.storyboard; name = Base; path = Base.lproj/Main.storyboard; sourceTree = "<group>"; };
		CD65576D228B1C8D00BAD637 /* Assets.xcassets */ = {isa = PBXFileReference; lastKnownFileType = folder.assetcatalog; path = Assets.xcassets; sourceTree = "<group>"; };
		CD655770228B1C8D00BAD637 /* Base */ = {isa = PBXFileReference; lastKnownFileType = file.storyboard; name = Base; path = Base.lproj/LaunchScreen.storyboard; sourceTree = "<group>"; };
		CD655772228B1C8D00BAD637 /* Info.plist */ = {isa = PBXFileReference; lastKnownFileType = text.plist.xml; path = Info.plist; sourceTree = "<group>"; };
		CD655778228B1EDE00BAD637 /* cities.json */ = {isa = PBXFileReference; fileEncoding = 4; lastKnownFileType = text.json; path = cities.json; sourceTree = "<group>"; };
		CD65577A228B1F4600BAD637 /* DataFile.swift */ = {isa = PBXFileReference; lastKnownFileType = sourcecode.swift; path = DataFile.swift; sourceTree = "<group>"; };
		CD655781228B67E900BAD637 /* CitiesTableViewCell.swift */ = {isa = PBXFileReference; lastKnownFileType = sourcecode.swift; path = CitiesTableViewCell.swift; sourceTree = "<group>"; };
/* End PBXFileReference section */

/* Begin PBXFrameworksBuildPhase section */
		CD2CA055228C026700C524FB /* Frameworks */ = {
			isa = PBXFrameworksBuildPhase;
			buildActionMask = 2147483647;
			files = (
			);
			runOnlyForDeploymentPostprocessing = 0;
		};
		CD655760228B1C8600BAD637 /* Frameworks */ = {
			isa = PBXFrameworksBuildPhase;
			buildActionMask = 2147483647;
			files = (
			);
			runOnlyForDeploymentPostprocessing = 0;
		};
/* End PBXFrameworksBuildPhase section */

/* Begin PBXGroup section */
		CD2CA059228C026700C524FB /* DemoAppTests */ = {
			isa = PBXGroup;
			children = (
				CD2CA05A228C026700C524FB /* DemoAppTests.swift */,
				CD2CA05C228C026700C524FB /* Info.plist */,
			);
			path = DemoAppTests;
			sourceTree = "<group>";
		};
		CD65575A228B1C8600BAD637 = {
			isa = PBXGroup;
			children = (
				CD655765228B1C8600BAD637 /* DemoApp */,
				CD2CA059228C026700C524FB /* DemoAppTests */,
				CD655764228B1C8600BAD637 /* Products */,
				CD65577E228B595200BAD637 /* Frameworks */,
			);
			sourceTree = "<group>";
		};
		CD655764228B1C8600BAD637 /* Products */ = {
			isa = PBXGroup;
			children = (
				CD655763228B1C8600BAD637 /* DemoApp.app */,
				CD2CA058228C026700C524FB /* DemoAppTests.xctest */,
			);
			name = Products;
			sourceTree = "<group>";
		};
		CD655765228B1C8600BAD637 /* DemoApp */ = {
			isa = PBXGroup;
			children = (
				CD655778228B1EDE00BAD637 /* cities.json */,
				CD655766228B1C8600BAD637 /* AppDelegate.swift */,
				CD655768228B1C8600BAD637 /* ViewController.swift */,
				CD655781228B67E900BAD637 /* CitiesTableViewCell.swift */,
				CD65577A228B1F4600BAD637 /* DataFile.swift */,
				CD65576A228B1C8600BAD637 /* Main.storyboard */,
				CD65576D228B1C8D00BAD637 /* Assets.xcassets */,
				CD65576F228B1C8D00BAD637 /* LaunchScreen.storyboard */,
				CD655772228B1C8D00BAD637 /* Info.plist */,
			);
			path = DemoApp;
			sourceTree = "<group>";
		};
		CD65577E228B595200BAD637 /* Frameworks */ = {
			isa = PBXGroup;
			children = (
			);
			name = Frameworks;
			sourceTree = "<group>";
		};
/* End PBXGroup section */

/* Begin PBXNativeTarget section */
		CD2CA057228C026700C524FB /* DemoAppTests */ = {
			isa = PBXNativeTarget;
			buildConfigurationList = CD2CA05F228C026700C524FB /* Build configuration list for PBXNativeTarget "DemoAppTests" */;
			buildPhases = (
				CD2CA054228C026700C524FB /* Sources */,
				CD2CA055228C026700C524FB /* Frameworks */,
				CD2CA056228C026700C524FB /* Resources */,
			);
			buildRules = (
			);
			dependencies = (
				CD2CA05E228C026700C524FB /* PBXTargetDependency */,
			);
			name = DemoAppTests;
			productName = DemoAppTests;
			productReference = CD2CA058228C026700C524FB /* DemoAppTests.xctest */;
			productType = "com.apple.product-type.bundle.unit-test";
		};
		CD655762228B1C8600BAD637 /* DemoApp */ = {
			isa = PBXNativeTarget;
			buildConfigurationList = CD655775228B1C8D00BAD637 /* Build configuration list for PBXNativeTarget "DemoApp" */;
			buildPhases = (
				CD65575F228B1C8600BAD637 /* Sources */,
				CD655760228B1C8600BAD637 /* Frameworks */,
				CD655761228B1C8600BAD637 /* Resources */,
			);
			buildRules = (
			);
			dependencies = (
			);
			name = DemoApp;
			productName = DemoApp;
			productReference = CD655763228B1C8600BAD637 /* DemoApp.app */;
			productType = "com.apple.product-type.application";
		};
/* End PBXNativeTarget section */

/* Begin PBXProject section */
		CD65575B228B1C8600BAD637 /* Project object */ = {
			isa = PBXProject;
			attributes = {
				LastSwiftUpdateCheck = 1020;
				LastUpgradeCheck = 1020;
				ORGANIZATIONNAME = "Akanksha Harsh Saxena";
				TargetAttributes = {
					CD2CA057228C026700C524FB = {
						CreatedOnToolsVersion = 10.2;
						TestTargetID = CD655762228B1C8600BAD637;
					};
					CD655762228B1C8600BAD637 = {
						CreatedOnToolsVersion = 10.2;
						SystemCapabilities = {
							com.apple.Maps.iOS = {
								enabled = 0;
							};
						};
					};
				};
			};
			buildConfigurationList = CD65575E228B1C8600BAD637 /* Build configuration list for PBXProject "DemoApp" */;
			compatibilityVersion = "Xcode 9.3";
			developmentRegion = en;
			hasScannedForEncodings = 0;
			knownRegions = (
				en,
				Base,
			);
			mainGroup = CD65575A228B1C8600BAD637;
			productRefGroup = CD655764228B1C8600BAD637 /* Products */;
			projectDirPath = "";
			projectRoot = "";
			targets = (
				CD655762228B1C8600BAD637 /* DemoApp */,
				CD2CA057228C026700C524FB /* DemoAppTests */,
			);
		};
/* End PBXProject section */

/* Begin PBXResourcesBuildPhase section */
		CD2CA056228C026700C524FB /* Resources */ = {
			isa = PBXResourcesBuildPhase;
			buildActionMask = 2147483647;
			files = (
			);
			runOnlyForDeploymentPostprocessing = 0;
		};
		CD655761228B1C8600BAD637 /* Resources */ = {
			isa = PBXResourcesBuildPhase;
			buildActionMask = 2147483647;
			files = (
				CD655779228B1EDE00BAD637 /* cities.json in Resources */,
				CD655771228B1C8D00BAD637 /* LaunchScreen.storyboard in Resources */,
				CD65576E228B1C8D00BAD637 /* Assets.xcassets in Resources */,
				CD65576C228B1C8600BAD637 /* Main.storyboard in Resources */,
			);
			runOnlyForDeploymentPostprocessing = 0;
		};
/* End PBXResourcesBuildPhase section */

/* Begin PBXSourcesBuildPhase section */
		CD2CA054228C026700C524FB /* Sources */ = {
			isa = PBXSourcesBuildPhase;
			buildActionMask = 2147483647;
			files = (
				CD2CA05B228C026700C524FB /* DemoAppTests.swift in Sources */,
			);
			runOnlyForDeploymentPostprocessing = 0;
		};
		CD65575F228B1C8600BAD637 /* Sources */ = {
			isa = PBXSourcesBuildPhase;
			buildActionMask = 2147483647;
			files = (
				CD655782228B67E900BAD637 /* CitiesTableViewCell.swift in Sources */,
				CD65577B228B1F4600BAD637 /* DataFile.swift in Sources */,
				CD655769228B1C8600BAD637 /* ViewController.swift in Sources */,
				CD655767228B1C8600BAD637 /* AppDelegate.swift in Sources */,
			);
			runOnlyForDeploymentPostprocessing = 0;
		};
/* End PBXSourcesBuildPhase section */

/* Begin PBXTargetDependency section */
		CD2CA05E228C026700C524FB /* PBXTargetDependency */ = {
			isa = PBXTargetDependency;
			target = CD655762228B1C8600BAD637 /* DemoApp */;
			targetProxy = CD2CA05D228C026700C524FB /* PBXContainerItemProxy */;
		};
/* End PBXTargetDependency section */

/* Begin PBXVariantGroup section */
		CD65576A228B1C8600BAD637 /* Main.storyboard */ = {
			isa = PBXVariantGroup;
			children = (
				CD65576B228B1C8600BAD637 /* Base */,
			);
			name = Main.storyboard;
			sourceTree = "<group>";
		};
		CD65576F228B1C8D00BAD637 /* LaunchScreen.storyboard */ = {
			isa = PBXVariantGroup;
			children = (
				CD655770228B1C8D00BAD637 /* Base */,
			);
			name = LaunchScreen.storyboard;
			sourceTree = "<group>";
		};
/* End PBXVariantGroup section */

/* Begin XCBuildConfiguration section */
		CD2CA060228C026700C524FB /* Debug */ = {
			isa = XCBuildConfiguration;
			buildSettings = {
				BUNDLE_LOADER = "$(TEST_HOST)";
				CODE_SIGN_STYLE = Automatic;
				DEVELOPMENT_TEAM = 5CCBDQ45YQ;
				INFOPLIST_FILE = DemoAppTests/Info.plist;
				LD_RUNPATH_SEARCH_PATHS = (
					"$(inherited)",
					"@executable_path/Frameworks",
					"@loader_path/Frameworks",
				);
				PRODUCT_BUNDLE_IDENTIFIER = com.harsh.DemoAppTests;
				PRODUCT_NAME = "$(TARGET_NAME)";
				SWIFT_VERSION = 5.0;
				TARGETED_DEVICE_FAMILY = "1,2";
				TEST_HOST = "$(BUILT_PRODUCTS_DIR)/DemoApp.app/DemoApp";
			};
			name = Debug;
		};
		CD2CA061228C026700C524FB /* Release */ = {
			isa = XCBuildConfiguration;
			buildSettings = {
				BUNDLE_LOADER = "$(TEST_HOST)";
				CODE_SIGN_STYLE = Automatic;
				DEVELOPMENT_TEAM = 5CCBDQ45YQ;
				INFOPLIST_FILE = DemoAppTests/Info.plist;
				LD_RUNPATH_SEARCH_PATHS = (
					"$(inherited)",
					"@executable_path/Frameworks",
					"@loader_path/Frameworks",
				);
				PRODUCT_BUNDLE_IDENTIFIER = com.harsh.DemoAppTests;
				PRODUCT_NAME = "$(TARGET_NAME)";
				SWIFT_VERSION = 5.0;
				TARGETED_DEVICE_FAMILY = "1,2";
				TEST_HOST = "$(BUILT_PRODUCTS_DIR)/DemoApp.app/DemoApp";
			};
			name = Release;
		};
		CD655773228B1C8D00BAD637 /* Debug */ = {
			isa = XCBuildConfiguration;
			buildSettings = {
				ALWAYS_SEARCH_USER_PATHS = NO;
				CLANG_ANALYZER_NONNULL = YES;
				CLANG_ANALYZER_NUMBER_OBJECT_CONVERSION = YES_AGGRESSIVE;
				CLANG_CXX_LANGUAGE_STANDARD = "gnu++14";
				CLANG_CXX_LIBRARY = "libc++";
				CLANG_ENABLE_MODULES = YES;
				CLANG_ENABLE_OBJC_ARC = YES;
				CLANG_ENABLE_OBJC_WEAK = YES;
				CLANG_WARN_BLOCK_CAPTURE_AUTORELEASING = YES;
				CLANG_WARN_BOOL_CONVERSION = YES;
				CLANG_WARN_COMMA = YES;
				CLANG_WARN_CONSTANT_CONVERSION = YES;
				CLANG_WARN_DEPRECATED_OBJC_IMPLEMENTATIONS = YES;
				CLANG_WARN_DIRECT_OBJC_ISA_USAGE = YES_ERROR;
				CLANG_WARN_DOCUMENTATION_COMMENTS = YES;
				CLANG_WARN_EMPTY_BODY = YES;
				CLANG_WARN_ENUM_CONVERSION = YES;
				CLANG_WARN_INFINITE_RECURSION = YES;
				CLANG_WARN_INT_CONVERSION = YES;
				CLANG_WARN_NON_LITERAL_NULL_CONVERSION = YES;
				CLANG_WARN_OBJC_IMPLICIT_RETAIN_SELF = YES;
				CLANG_WARN_OBJC_LITERAL_CONVERSION = YES;
				CLANG_WARN_OBJC_ROOT_CLASS = YES_ERROR;
				CLANG_WARN_RANGE_LOOP_ANALYSIS = YES;
				CLANG_WARN_STRICT_PROTOTYPES = YES;
				CLANG_WARN_SUSPICIOUS_MOVE = YES;
				CLANG_WARN_UNGUARDED_AVAILABILITY = YES_AGGRESSIVE;
				CLANG_WARN_UNREACHABLE_CODE = YES;
				CLANG_WARN__DUPLICATE_METHOD_MATCH = YES;
				CODE_SIGN_IDENTITY = "iPhone Developer";
				COPY_PHASE_STRIP = NO;
				DEBUG_INFORMATION_FORMAT = dwarf;
				ENABLE_STRICT_OBJC_MSGSEND = YES;
				ENABLE_TESTABILITY = YES;
				GCC_C_LANGUAGE_STANDARD = gnu11;
				GCC_DYNAMIC_NO_PIC = NO;
				GCC_NO_COMMON_BLOCKS = YES;
				GCC_OPTIMIZATION_LEVEL = 0;
				GCC_PREPROCESSOR_DEFINITIONS = (
					"DEBUG=1",
					"$(inherited)",
				);
				GCC_WARN_64_TO_32_BIT_CONVERSION = YES;
				GCC_WARN_ABOUT_RETURN_TYPE = YES_ERROR;
				GCC_WARN_UNDECLARED_SELECTOR = YES;
				GCC_WARN_UNINITIALIZED_AUTOS = YES_AGGRESSIVE;
				GCC_WARN_UNUSED_FUNCTION = YES;
				GCC_WARN_UNUSED_VARIABLE = YES;
				IPHONEOS_DEPLOYMENT_TARGET = 12.2;
				MTL_ENABLE_DEBUG_INFO = INCLUDE_SOURCE;
				MTL_FAST_MATH = YES;
				ONLY_ACTIVE_ARCH = YES;
				SDKROOT = iphoneos;
				SWIFT_ACTIVE_COMPILATION_CONDITIONS = DEBUG;
				SWIFT_OPTIMIZATION_LEVEL = "-Onone";
			};
			name = Debug;
		};
		CD655774228B1C8D00BAD637 /* Release */ = {
			isa = XCBuildConfiguration;
			buildSettings = {
				ALWAYS_SEARCH_USER_PATHS = NO;
				CLANG_ANALYZER_NONNULL = YES;
				CLANG_ANALYZER_NUMBER_OBJECT_CONVERSION = YES_AGGRESSIVE;
				CLANG_CXX_LANGUAGE_STANDARD = "gnu++14";
				CLANG_CXX_LIBRARY = "libc++";
				CLANG_ENABLE_MODULES = YES;
				CLANG_ENABLE_OBJC_ARC = YES;
				CLANG_ENABLE_OBJC_WEAK = YES;
				CLANG_WARN_BLOCK_CAPTURE_AUTORELEASING = YES;
				CLANG_WARN_BOOL_CONVERSION = YES;
				CLANG_WARN_COMMA = YES;
				CLANG_WARN_CONSTANT_CONVERSION = YES;
				CLANG_WARN_DEPRECATED_OBJC_IMPLEMENTATIONS = YES;
				CLANG_WARN_DIRECT_OBJC_ISA_USAGE = YES_ERROR;
				CLANG_WARN_DOCUMENTATION_COMMENTS = YES;
				CLANG_WARN_EMPTY_BODY = YES;
				CLANG_WARN_ENUM_CONVERSION = YES;
				CLANG_WARN_INFINITE_RECURSION = YES;
				CLANG_WARN_INT_CONVERSION = YES;
				CLANG_WARN_NON_LITERAL_NULL_CONVERSION = YES;
				CLANG_WARN_OBJC_IMPLICIT_RETAIN_SELF = YES;
				CLANG_WARN_OBJC_LITERAL_CONVERSION = YES;
				CLANG_WARN_OBJC_ROOT_CLASS = YES_ERROR;
				CLANG_WARN_RANGE_LOOP_ANALYSIS = YES;
				CLANG_WARN_STRICT_PROTOTYPES = YES;
				CLANG_WARN_SUSPICIOUS_MOVE = YES;
				CLANG_WARN_UNGUARDED_AVAILABILITY = YES_AGGRESSIVE;
				CLANG_WARN_UNREACHABLE_CODE = YES;
				CLANG_WARN__DUPLICATE_METHOD_MATCH = YES;
				CODE_SIGN_IDENTITY = "iPhone Developer";
				COPY_PHASE_STRIP = NO;
				DEBUG_INFORMATION_FORMAT = "dwarf-with-dsym";
				ENABLE_NS_ASSERTIONS = NO;
				ENABLE_STRICT_OBJC_MSGSEND = YES;
				GCC_C_LANGUAGE_STANDARD = gnu11;
				GCC_NO_COMMON_BLOCKS = YES;
				GCC_WARN_64_TO_32_BIT_CONVERSION = YES;
				GCC_WARN_ABOUT_RETURN_TYPE = YES_ERROR;
				GCC_WARN_UNDECLARED_SELECTOR = YES;
				GCC_WARN_UNINITIALIZED_AUTOS = YES_AGGRESSIVE;
				GCC_WARN_UNUSED_FUNCTION = YES;
				GCC_WARN_UNUSED_VARIABLE = YES;
				IPHONEOS_DEPLOYMENT_TARGET = 12.2;
				MTL_ENABLE_DEBUG_INFO = NO;
				MTL_FAST_MATH = YES;
				SDKROOT = iphoneos;
				SWIFT_COMPILATION_MODE = wholemodule;
				SWIFT_OPTIMIZATION_LEVEL = "-O";
				VALIDATE_PRODUCT = YES;
			};
			name = Release;
		};
		CD655776228B1C8D00BAD637 /* Debug */ = {
			isa = XCBuildConfiguration;
			buildSettings = {
				ASSETCATALOG_COMPILER_APPICON_NAME = AppIcon;
				CODE_SIGN_STYLE = Automatic;
				DEVELOPMENT_TEAM = 5CCBDQ45YQ;
				INFOPLIST_FILE = DemoApp/Info.plist;
				LD_RUNPATH_SEARCH_PATHS = (
					"$(inherited)",
					"@executable_path/Frameworks",
				);
				PRODUCT_BUNDLE_IDENTIFIER = com.harsh.DemoApp;
				PRODUCT_NAME = "$(TARGET_NAME)";
				SWIFT_VERSION = 5.0;
				TARGETED_DEVICE_FAMILY = "1,2";
			};
			name = Debug;
		};
		CD655777228B1C8D00BAD637 /* Release */ = {
			isa = XCBuildConfiguration;
			buildSettings = {
				ASSETCATALOG_COMPILER_APPICON_NAME = AppIcon;
				CODE_SIGN_STYLE = Automatic;
				DEVELOPMENT_TEAM = 5CCBDQ45YQ;
				INFOPLIST_FILE = DemoApp/Info.plist;
				LD_RUNPATH_SEARCH_PATHS = (
					"$(inherited)",
					"@executable_path/Frameworks",
				);
				PRODUCT_BUNDLE_IDENTIFIER = com.harsh.DemoApp;
				PRODUCT_NAME = "$(TARGET_NAME)";
				SWIFT_VERSION = 5.0;
				TARGETED_DEVICE_FAMILY = "1,2";
			};
			name = Release;
		};
/* End XCBuildConfiguration section */

/* Begin XCConfigurationList section */
		CD2CA05F228C026700C524FB /* Build configuration list for PBXNativeTarget "DemoAppTests" */ = {
			isa = XCConfigurationList;
			buildConfigurations = (
				CD2CA060228C026700C524FB /* Debug */,
				CD2CA061228C026700C524FB /* Release */,
			);
			defaultConfigurationIsVisible = 0;
			defaultConfigurationName = Release;
		};
		CD65575E228B1C8600BAD637 /* Build configuration list for PBXProject "DemoApp" */ = {
			isa = XCConfigurationList;
			buildConfigurations = (
				CD655773228B1C8D00BAD637 /* Debug */,
				CD655774228B1C8D00BAD637 /* Release */,
			);
			defaultConfigurationIsVisible = 0;
			defaultConfigurationName = Release;
		};
		CD655775228B1C8D00BAD637 /* Build configuration list for PBXNativeTarget "DemoApp" */ = {
			isa = XCConfigurationList;
			buildConfigurations = (
				CD655776228B1C8D00BAD637 /* Debug */,
				CD655777228B1C8D00BAD637 /* Release */,
			);
			defaultConfigurationIsVisible = 0;
			defaultConfigurationName = Release;
		};
/* End XCConfigurationList section */
	};
	rootObject = CD65575B228B1C8600BAD637 /* Project object */;
}
